Microsoft Visual Studio Solution File, Format Version 12.00
# Visual Studio Version 17
VisualStudioVersion = 17.5.2.0
MinimumVisualStudioVersion = 10.0.40219.1
Project("{FAE04EC0-301F-11D3-BF4B-00C04F79EFBC}") = "dotnet-model-runner", "dotnet-model-runner.csproj", "{40118236-0ACA-53F1-D870-50A62E38519A}"
EndProject
Global
	GlobalSection(SolutionConfigurationPlatforms) = preSolution
		Debug|Any CPU = Debug|Any CPU
		Release|Any CPU = Release|Any CPU
	EndGlobalSection
	GlobalSection(ProjectConfigurationPlatforms) = postSolution
		{40118236-0ACA-53F1-D870-50A62E38519A}.Debug|Any CPU.ActiveCfg = Debug|Any CPU
		{40118236-0ACA-53F1-D870-50A62E38519A}.Debug|Any CPU.Build.0 = Debug|Any CPU
		{40118236-0ACA-53F1-D870-50A62E38519A}.Release|Any CPU.ActiveCfg = Release|Any CPU
		{40118236-0ACA-53F1-D870-50A62E38519A}.Release|Any CPU.Build.0 = Release|Any CPU
	EndGlobalSection
	GlobalSection(SolutionProperties) = preSolution
		HideSolutionNode = FALSE
	EndGlobalSection
	GlobalSection(ExtensibilityGlobals) = postSolution
		SolutionGuid = {749DC56C-4B6E-45E5-B0D1-D7A46B274FFF}
	EndGlobalSection
EndGlobal
